
Microsoft Visual Studio Solution File, Format Version 12.00
# Visual Studio Version 17
VisualStudioVersion = 17.9.34728.123
MinimumVisualStudioVersion = 10.0.40219.1
Project("{FAE04EC0-301F-11D3-BF4B-00C04F79EFBC}") = "Bomba", "Bomba\Bomba.csproj", "{9EF28868-DE43-4FEE-B247-541EE75F1773}"
EndProject
Global
	GlobalSection(SolutionConfigurationPlatforms) = preSolution
		Debug|Any CPU = Debug|Any CPU
		Release|Any CPU = Release|Any CPU
	EndGlobalSection
	GlobalSection(ProjectConfigurationPlatforms) = postSolution
		{9EF28868-DE43-4FEE-B247-541EE75F1773}.Debug|Any CPU.ActiveCfg = Debug|Any CPU
		{9EF28868-DE43-4FEE-B247-541EE75F1773}.Debug|Any CPU.Build.0 = Debug|Any CPU
		{9EF28868-DE43-4FEE-B247-541EE75F1773}.Release|Any CPU.ActiveCfg = Release|Any CPU
		{9EF28868-DE43-4FEE-B247-541EE75F1773}.Release|Any CPU.Build.0 = Release|Any CPU
	EndGlobalSection
	GlobalSection(SolutionProperties) = preSolution
		HideSolutionNode = FALSE
	EndGlobalSection
	GlobalSection(ExtensibilityGlobals) = postSolution
		SolutionGuid = {CAA17EA3-6ABD-41E9-9755-002B35D2F257}
	EndGlobalSection
EndGlobal
